
Microsoft Visual Studio Solution File, Format Version 12.00
# Visual Studio 15
VisualStudioVersion = 15.0.28010.2050
MinimumVisualStudioVersion = 10.0.40219.1
Project("{FAE04EC0-301F-11D3-BF4B-00C04F79EFBC}") = "Checkpoint5", "Checkpoint5\Checkpoint5.csproj", "{A963D1FF-1896-4356-924F-30E324F4B2EC}"
EndProject
Global
	GlobalSection(SolutionConfigurationPlatforms) = preSolution
		Debug|Any CPU = Debug|Any CPU
		Release|Any CPU = Release|Any CPU
	EndGlobalSection
	GlobalSection(ProjectConfigurationPlatforms) = postSolution
		{A963D1FF-1896-4356-924F-30E324F4B2EC}.Debug|Any CPU.ActiveCfg = Debug|Any CPU
		{A963D1FF-1896-4356-924F-30E324F4B2EC}.Debug|Any CPU.Build.0 = Debug|Any CPU
		{A963D1FF-1896-4356-924F-30E324F4B2EC}.Release|Any CPU.ActiveCfg = Release|Any CPU
		{A963D1FF-1896-4356-924F-30E324F4B2EC}.Release|Any CPU.Build.0 = Release|Any CPU
	EndGlobalSection
	GlobalSection(SolutionProperties) = preSolution
		HideSolutionNode = FALSE
	EndGlobalSection
	GlobalSection(ExtensibilityGlobals) = postSolution
		SolutionGuid = {8973CC11-BBD3-400A-BEC1-59493428B42E}
	EndGlobalSection
EndGlobal
