
Microsoft Visual Studio Solution File, Format Version 12.00
# Visual Studio 15
VisualStudioVersion = 15.0.28010.2050
MinimumVisualStudioVersion = 10.0.40219.1
Project("{9A19103F-16F7-4668-BE54-9A1E7A4F7556}") = "Uppgift4_1", "Modul4\Uppgift4_1.csproj", "{9EA1E183-BE1E-4B6B-99A8-301E08076238}"
EndProject
Project("{FAE04EC0-301F-11D3-BF4B-00C04F79EFBC}") = "Uppgift4_2", "Uppgift4_2\Uppgift4_2.csproj", "{944D2A36-5B59-4FE7-9C3B-7AABB006CE89}"
EndProject
Global
	GlobalSection(SolutionConfigurationPlatforms) = preSolution
		Debug|Any CPU = Debug|Any CPU
		Release|Any CPU = Release|Any CPU
	EndGlobalSection
	GlobalSection(ProjectConfigurationPlatforms) = postSolution
		{9EA1E183-BE1E-4B6B-99A8-301E08076238}.Debug|Any CPU.ActiveCfg = Debug|Any CPU
		{9EA1E183-BE1E-4B6B-99A8-301E08076238}.Debug|Any CPU.Build.0 = Debug|Any CPU
		{9EA1E183-BE1E-4B6B-99A8-301E08076238}.Release|Any CPU.ActiveCfg = Release|Any CPU
		{9EA1E183-BE1E-4B6B-99A8-301E08076238}.Release|Any CPU.Build.0 = Release|Any CPU
		{944D2A36-5B59-4FE7-9C3B-7AABB006CE89}.Debug|Any CPU.ActiveCfg = Debug|Any CPU
		{944D2A36-5B59-4FE7-9C3B-7AABB006CE89}.Debug|Any CPU.Build.0 = Debug|Any CPU
		{944D2A36-5B59-4FE7-9C3B-7AABB006CE89}.Release|Any CPU.ActiveCfg = Release|Any CPU
		{944D2A36-5B59-4FE7-9C3B-7AABB006CE89}.Release|Any CPU.Build.0 = Release|Any CPU
	EndGlobalSection
	GlobalSection(SolutionProperties) = preSolution
		HideSolutionNode = FALSE
	EndGlobalSection
	GlobalSection(ExtensibilityGlobals) = postSolution
		SolutionGuid = {15403031-A3D7-485C-BB3A-DB9F0375C776}
	EndGlobalSection
EndGlobal
