
Microsoft Visual Studio Solution File, Format Version 12.00
# Visual Studio 15
VisualStudioVersion = 15.0.28010.2050
MinimumVisualStudioVersion = 10.0.40219.1
Project("{FAE04EC0-301F-11D3-BF4B-00C04F79EFBC}") = "Checkpoint6.2", "Checkpoint6.2\Checkpoint6.2.csproj", "{E1B8BD68-AD35-4458-A1C8-CAFF1D2D16AF}"
EndProject
Global
	GlobalSection(SolutionConfigurationPlatforms) = preSolution
		Debug|Any CPU = Debug|Any CPU
		Release|Any CPU = Release|Any CPU
	EndGlobalSection
	GlobalSection(ProjectConfigurationPlatforms) = postSolution
		{E1B8BD68-AD35-4458-A1C8-CAFF1D2D16AF}.Debug|Any CPU.ActiveCfg = Debug|Any CPU
		{E1B8BD68-AD35-4458-A1C8-CAFF1D2D16AF}.Debug|Any CPU.Build.0 = Debug|Any CPU
		{E1B8BD68-AD35-4458-A1C8-CAFF1D2D16AF}.Release|Any CPU.ActiveCfg = Release|Any CPU
		{E1B8BD68-AD35-4458-A1C8-CAFF1D2D16AF}.Release|Any CPU.Build.0 = Release|Any CPU
	EndGlobalSection
	GlobalSection(SolutionProperties) = preSolution
		HideSolutionNode = FALSE
	EndGlobalSection
	GlobalSection(ExtensibilityGlobals) = postSolution
		SolutionGuid = {682C1892-2C1F-4017-A551-BC82FE6FD14C}
	EndGlobalSection
EndGlobal
