
Microsoft Visual Studio Solution File, Format Version 12.00
# Visual Studio 15
VisualStudioVersion = 15.0.28010.2050
MinimumVisualStudioVersion = 10.0.40219.1
Project("{FAE04EC0-301F-11D3-BF4B-00C04F79EFBC}") = "RepetitionCheckpoint3", "RepetitionCheckpoint3\RepetitionCheckpoint3.csproj", "{95E826C0-DA37-45EE-A777-56134F3EA2E7}"
EndProject
Global
	GlobalSection(SolutionConfigurationPlatforms) = preSolution
		Debug|Any CPU = Debug|Any CPU
		Release|Any CPU = Release|Any CPU
	EndGlobalSection
	GlobalSection(ProjectConfigurationPlatforms) = postSolution
		{95E826C0-DA37-45EE-A777-56134F3EA2E7}.Debug|Any CPU.ActiveCfg = Debug|Any CPU
		{95E826C0-DA37-45EE-A777-56134F3EA2E7}.Debug|Any CPU.Build.0 = Debug|Any CPU
		{95E826C0-DA37-45EE-A777-56134F3EA2E7}.Release|Any CPU.ActiveCfg = Release|Any CPU
		{95E826C0-DA37-45EE-A777-56134F3EA2E7}.Release|Any CPU.Build.0 = Release|Any CPU
	EndGlobalSection
	GlobalSection(SolutionProperties) = preSolution
		HideSolutionNode = FALSE
	EndGlobalSection
	GlobalSection(ExtensibilityGlobals) = postSolution
		SolutionGuid = {57B1B16B-80A4-475E-ACB0-6C4F930279B9}
	EndGlobalSection
EndGlobal
