
Microsoft Visual Studio Solution File, Format Version 12.00
# Visual Studio 15
VisualStudioVersion = 15.0.28010.2050
MinimumVisualStudioVersion = 10.0.40219.1
Project("{9A19103F-16F7-4668-BE54-9A1E7A4F7556}") = "Modul10", "Modul10\Modul10.csproj", "{011DDCCB-E0BD-458A-B593-F68DEEDDD446}"
EndProject
Project("{FAE04EC0-301F-11D3-BF4B-00C04F79EFBC}") = "Uppgift10_5", "Uppgift10_5\Uppgift10_5.csproj", "{74D34DAE-AAE1-4D4D-8601-25D95A19F880}"
EndProject
Global
	GlobalSection(SolutionConfigurationPlatforms) = preSolution
		Debug|Any CPU = Debug|Any CPU
		Release|Any CPU = Release|Any CPU
	EndGlobalSection
	GlobalSection(ProjectConfigurationPlatforms) = postSolution
		{011DDCCB-E0BD-458A-B593-F68DEEDDD446}.Debug|Any CPU.ActiveCfg = Debug|Any CPU
		{011DDCCB-E0BD-458A-B593-F68DEEDDD446}.Debug|Any CPU.Build.0 = Debug|Any CPU
		{011DDCCB-E0BD-458A-B593-F68DEEDDD446}.Release|Any CPU.ActiveCfg = Release|Any CPU
		{011DDCCB-E0BD-458A-B593-F68DEEDDD446}.Release|Any CPU.Build.0 = Release|Any CPU
		{74D34DAE-AAE1-4D4D-8601-25D95A19F880}.Debug|Any CPU.ActiveCfg = Debug|Any CPU
		{74D34DAE-AAE1-4D4D-8601-25D95A19F880}.Debug|Any CPU.Build.0 = Debug|Any CPU
		{74D34DAE-AAE1-4D4D-8601-25D95A19F880}.Release|Any CPU.ActiveCfg = Release|Any CPU
		{74D34DAE-AAE1-4D4D-8601-25D95A19F880}.Release|Any CPU.Build.0 = Release|Any CPU
	EndGlobalSection
	GlobalSection(SolutionProperties) = preSolution
		HideSolutionNode = FALSE
	EndGlobalSection
	GlobalSection(ExtensibilityGlobals) = postSolution
		SolutionGuid = {DF073181-E2C1-4EB8-AF15-8026D98889C7}
	EndGlobalSection
EndGlobal
