
Microsoft Visual Studio Solution File, Format Version 12.00
# Visual Studio 15
VisualStudioVersion = 15.0.28010.2050
MinimumVisualStudioVersion = 10.0.40219.1
Project("{FAE04EC0-301F-11D3-BF4B-00C04F79EFBC}") = "Gnomes", "Gnomes\Gnomes.csproj", "{D395443A-8C8A-4678-A683-4A678C6AF52A}"
EndProject
Global
	GlobalSection(SolutionConfigurationPlatforms) = preSolution
		Debug|Any CPU = Debug|Any CPU
		Release|Any CPU = Release|Any CPU
	EndGlobalSection
	GlobalSection(ProjectConfigurationPlatforms) = postSolution
		{D395443A-8C8A-4678-A683-4A678C6AF52A}.Debug|Any CPU.ActiveCfg = Debug|Any CPU
		{D395443A-8C8A-4678-A683-4A678C6AF52A}.Debug|Any CPU.Build.0 = Debug|Any CPU
		{D395443A-8C8A-4678-A683-4A678C6AF52A}.Release|Any CPU.ActiveCfg = Release|Any CPU
		{D395443A-8C8A-4678-A683-4A678C6AF52A}.Release|Any CPU.Build.0 = Release|Any CPU
	EndGlobalSection
	GlobalSection(SolutionProperties) = preSolution
		HideSolutionNode = FALSE
	EndGlobalSection
	GlobalSection(ExtensibilityGlobals) = postSolution
		SolutionGuid = {32AC4C93-BD5A-42A0-8609-C78419DC0263}
	EndGlobalSection
EndGlobal
