
Microsoft Visual Studio Solution File, Format Version 12.00
# Visual Studio 15
VisualStudioVersion = 15.0.28010.2050
MinimumVisualStudioVersion = 10.0.40219.1
Project("{9A19103F-16F7-4668-BE54-9A1E7A4F7556}") = "Modul8", "Modul8\Modul8.csproj", "{B1566FED-6EB3-45C4-AC46-17159CF8EDF7}"
EndProject
Project("{FAE04EC0-301F-11D3-BF4B-00C04F79EFBC}") = "Uppgift8_3", "Uppgift8_3\Uppgift8_3.csproj", "{71A6ACFC-7D50-423C-979A-39F9C128FE56}"
EndProject
Global
	GlobalSection(SolutionConfigurationPlatforms) = preSolution
		Debug|Any CPU = Debug|Any CPU
		Release|Any CPU = Release|Any CPU
	EndGlobalSection
	GlobalSection(ProjectConfigurationPlatforms) = postSolution
		{B1566FED-6EB3-45C4-AC46-17159CF8EDF7}.Debug|Any CPU.ActiveCfg = Debug|Any CPU
		{B1566FED-6EB3-45C4-AC46-17159CF8EDF7}.Debug|Any CPU.Build.0 = Debug|Any CPU
		{B1566FED-6EB3-45C4-AC46-17159CF8EDF7}.Release|Any CPU.ActiveCfg = Release|Any CPU
		{B1566FED-6EB3-45C4-AC46-17159CF8EDF7}.Release|Any CPU.Build.0 = Release|Any CPU
		{71A6ACFC-7D50-423C-979A-39F9C128FE56}.Debug|Any CPU.ActiveCfg = Debug|Any CPU
		{71A6ACFC-7D50-423C-979A-39F9C128FE56}.Debug|Any CPU.Build.0 = Debug|Any CPU
		{71A6ACFC-7D50-423C-979A-39F9C128FE56}.Release|Any CPU.ActiveCfg = Release|Any CPU
		{71A6ACFC-7D50-423C-979A-39F9C128FE56}.Release|Any CPU.Build.0 = Release|Any CPU
	EndGlobalSection
	GlobalSection(SolutionProperties) = preSolution
		HideSolutionNode = FALSE
	EndGlobalSection
	GlobalSection(ExtensibilityGlobals) = postSolution
		SolutionGuid = {AD9F29FA-CFD5-4E8B-B823-94A3E7684657}
	EndGlobalSection
EndGlobal
