
Microsoft Visual Studio Solution File, Format Version 12.00
# Visual Studio 15
VisualStudioVersion = 15.0.28010.2050
MinimumVisualStudioVersion = 10.0.40219.1
Project("{FAE04EC0-301F-11D3-BF4B-00C04F79EFBC}") = "Checkpoint7", "Checkpoint7\Checkpoint7.csproj", "{B5C5D736-3947-4B21-9EE5-F42F00C3A14C}"
EndProject
Global
	GlobalSection(SolutionConfigurationPlatforms) = preSolution
		Debug|Any CPU = Debug|Any CPU
		Release|Any CPU = Release|Any CPU
	EndGlobalSection
	GlobalSection(ProjectConfigurationPlatforms) = postSolution
		{B5C5D736-3947-4B21-9EE5-F42F00C3A14C}.Debug|Any CPU.ActiveCfg = Debug|Any CPU
		{B5C5D736-3947-4B21-9EE5-F42F00C3A14C}.Debug|Any CPU.Build.0 = Debug|Any CPU
		{B5C5D736-3947-4B21-9EE5-F42F00C3A14C}.Release|Any CPU.ActiveCfg = Release|Any CPU
		{B5C5D736-3947-4B21-9EE5-F42F00C3A14C}.Release|Any CPU.Build.0 = Release|Any CPU
	EndGlobalSection
	GlobalSection(SolutionProperties) = preSolution
		HideSolutionNode = FALSE
	EndGlobalSection
	GlobalSection(ExtensibilityGlobals) = postSolution
		SolutionGuid = {60CA1710-2C9C-4881-9CCF-9C8C5028D199}
	EndGlobalSection
EndGlobal
