
Microsoft Visual Studio Solution File, Format Version 12.00
# Visual Studio 15
VisualStudioVersion = 15.0.28010.2050
MinimumVisualStudioVersion = 10.0.40219.1
Project("{9A19103F-16F7-4668-BE54-9A1E7A4F7556}") = "CandyMVC", "CandyMVC\CandyMVC.csproj", "{F847C230-31F6-40F4-9111-D6F44622E58D}"
EndProject
Project("{FAE04EC0-301F-11D3-BF4B-00C04F79EFBC}") = "UnitTestProject1", "UnitTestProject1\UnitTestProject1.csproj", "{1FF38BAA-13C2-43F9-AEC0-DD87A40413C7}"
EndProject
Global
	GlobalSection(SolutionConfigurationPlatforms) = preSolution
		Debug|Any CPU = Debug|Any CPU
		Release|Any CPU = Release|Any CPU
	EndGlobalSection
	GlobalSection(ProjectConfigurationPlatforms) = postSolution
		{F847C230-31F6-40F4-9111-D6F44622E58D}.Debug|Any CPU.ActiveCfg = Debug|Any CPU
		{F847C230-31F6-40F4-9111-D6F44622E58D}.Debug|Any CPU.Build.0 = Debug|Any CPU
		{F847C230-31F6-40F4-9111-D6F44622E58D}.Release|Any CPU.ActiveCfg = Release|Any CPU
		{F847C230-31F6-40F4-9111-D6F44622E58D}.Release|Any CPU.Build.0 = Release|Any CPU
		{1FF38BAA-13C2-43F9-AEC0-DD87A40413C7}.Debug|Any CPU.ActiveCfg = Debug|Any CPU
		{1FF38BAA-13C2-43F9-AEC0-DD87A40413C7}.Debug|Any CPU.Build.0 = Debug|Any CPU
		{1FF38BAA-13C2-43F9-AEC0-DD87A40413C7}.Release|Any CPU.ActiveCfg = Release|Any CPU
		{1FF38BAA-13C2-43F9-AEC0-DD87A40413C7}.Release|Any CPU.Build.0 = Release|Any CPU
	EndGlobalSection
	GlobalSection(SolutionProperties) = preSolution
		HideSolutionNode = FALSE
	EndGlobalSection
	GlobalSection(ExtensibilityGlobals) = postSolution
		SolutionGuid = {D63F5815-CE9A-4FFB-AB49-7D356DBF591F}
	EndGlobalSection
EndGlobal
