
Microsoft Visual Studio Solution File, Format Version 12.00
# Visual Studio 15
VisualStudioVersion = 15.0.28010.2050
MinimumVisualStudioVersion = 10.0.40219.1
Project("{FAE04EC0-301F-11D3-BF4B-00C04F79EFBC}") = "Uppgift8_1", "Modul8\Uppgift8_1.csproj", "{479FE30E-7800-4348-AC4A-C0BF03EE70EA}"
EndProject
Project("{FAE04EC0-301F-11D3-BF4B-00C04F79EFBC}") = "Uppgift8_2", "Uppgift8_2\Uppgift8_2.csproj", "{A1F9D27E-D03A-4A27-A308-BBB65159B6BC}"
EndProject
Project("{FAE04EC0-301F-11D3-BF4B-00C04F79EFBC}") = "Uppgift8_3", "Uppgift8_3\Uppgift8_3.csproj", "{A0E41088-6112-4963-923F-88B65791DECD}"
EndProject
Global
	GlobalSection(SolutionConfigurationPlatforms) = preSolution
		Debug|Any CPU = Debug|Any CPU
		Release|Any CPU = Release|Any CPU
	EndGlobalSection
	GlobalSection(ProjectConfigurationPlatforms) = postSolution
		{479FE30E-7800-4348-AC4A-C0BF03EE70EA}.Debug|Any CPU.ActiveCfg = Debug|Any CPU
		{479FE30E-7800-4348-AC4A-C0BF03EE70EA}.Debug|Any CPU.Build.0 = Debug|Any CPU
		{479FE30E-7800-4348-AC4A-C0BF03EE70EA}.Release|Any CPU.ActiveCfg = Release|Any CPU
		{479FE30E-7800-4348-AC4A-C0BF03EE70EA}.Release|Any CPU.Build.0 = Release|Any CPU
		{A1F9D27E-D03A-4A27-A308-BBB65159B6BC}.Debug|Any CPU.ActiveCfg = Debug|Any CPU
		{A1F9D27E-D03A-4A27-A308-BBB65159B6BC}.Debug|Any CPU.Build.0 = Debug|Any CPU
		{A1F9D27E-D03A-4A27-A308-BBB65159B6BC}.Release|Any CPU.ActiveCfg = Release|Any CPU
		{A1F9D27E-D03A-4A27-A308-BBB65159B6BC}.Release|Any CPU.Build.0 = Release|Any CPU
		{A0E41088-6112-4963-923F-88B65791DECD}.Debug|Any CPU.ActiveCfg = Debug|Any CPU
		{A0E41088-6112-4963-923F-88B65791DECD}.Debug|Any CPU.Build.0 = Debug|Any CPU
		{A0E41088-6112-4963-923F-88B65791DECD}.Release|Any CPU.ActiveCfg = Release|Any CPU
		{A0E41088-6112-4963-923F-88B65791DECD}.Release|Any CPU.Build.0 = Release|Any CPU
	EndGlobalSection
	GlobalSection(SolutionProperties) = preSolution
		HideSolutionNode = FALSE
	EndGlobalSection
	GlobalSection(ExtensibilityGlobals) = postSolution
		SolutionGuid = {072DC48B-3594-4EDC-AC6F-778751128A81}
	EndGlobalSection
EndGlobal
