
Microsoft Visual Studio Solution File, Format Version 12.00
# Visual Studio 15
VisualStudioVersion = 15.0.28010.2050
MinimumVisualStudioVersion = 10.0.40219.1
Project("{FAE04EC0-301F-11D3-BF4B-00C04F79EFBC}") = "Frontend", "Frontend\Frontend.csproj", "{EAB1E8AE-69DD-4D65-B4A6-C043A0503841}"
EndProject
Global
	GlobalSection(SolutionConfigurationPlatforms) = preSolution
		Debug|Any CPU = Debug|Any CPU
		Release|Any CPU = Release|Any CPU
	EndGlobalSection
	GlobalSection(ProjectConfigurationPlatforms) = postSolution
		{EAB1E8AE-69DD-4D65-B4A6-C043A0503841}.Debug|Any CPU.ActiveCfg = Debug|Any CPU
		{EAB1E8AE-69DD-4D65-B4A6-C043A0503841}.Debug|Any CPU.Build.0 = Debug|Any CPU
		{EAB1E8AE-69DD-4D65-B4A6-C043A0503841}.Release|Any CPU.ActiveCfg = Release|Any CPU
		{EAB1E8AE-69DD-4D65-B4A6-C043A0503841}.Release|Any CPU.Build.0 = Release|Any CPU
	EndGlobalSection
	GlobalSection(SolutionProperties) = preSolution
		HideSolutionNode = FALSE
	EndGlobalSection
	GlobalSection(ExtensibilityGlobals) = postSolution
		SolutionGuid = {B7DA6C8B-4243-40D8-8559-D6960266F28B}
	EndGlobalSection
EndGlobal
