
Microsoft Visual Studio Solution File, Format Version 12.00
# Visual Studio 15
VisualStudioVersion = 15.0.28010.2050
MinimumVisualStudioVersion = 10.0.40219.1
Project("{9A19103F-16F7-4668-BE54-9A1E7A4F7556}") = "AnimalFarm", "..\..\..\..\..\Users\Administrator\Desktop\Academy\TMP\checkpoint 10\gbg-master\Checkpoints\10\AnimalFarm\AnimalFarm.csproj", "{01B9A2B8-FD27-4934-8B88-DF4702349CB6}"
EndProject
Global
	GlobalSection(SolutionConfigurationPlatforms) = preSolution
		Debug|Any CPU = Debug|Any CPU
		Release|Any CPU = Release|Any CPU
	EndGlobalSection
	GlobalSection(ProjectConfigurationPlatforms) = postSolution
		{01B9A2B8-FD27-4934-8B88-DF4702349CB6}.Debug|Any CPU.ActiveCfg = Debug|Any CPU
		{01B9A2B8-FD27-4934-8B88-DF4702349CB6}.Debug|Any CPU.Build.0 = Debug|Any CPU
		{01B9A2B8-FD27-4934-8B88-DF4702349CB6}.Release|Any CPU.ActiveCfg = Release|Any CPU
		{01B9A2B8-FD27-4934-8B88-DF4702349CB6}.Release|Any CPU.Build.0 = Release|Any CPU
	EndGlobalSection
	GlobalSection(SolutionProperties) = preSolution
		HideSolutionNode = FALSE
	EndGlobalSection
	GlobalSection(ExtensibilityGlobals) = postSolution
		SolutionGuid = {6F76E5ED-57AA-4B52-A93B-64420212A233}
	EndGlobalSection
EndGlobal
